// !$*UTF8*$!
{
	archiveVersion = 1;
	classes = {
	};
	objectVersion = 46;
	objects = {

/* Begin PBXBuildFile section */
		E3D463A51EA2806800D49AC1 /* AppDelegate.swift in Sources */ = {isa = PBXBuildFile; fileRef = E3D463A41EA2806800D49AC1 /* AppDelegate.swift */; };
		E3D463A71EA2806800D49AC1 /* ViewController.swift in Sources */ = {isa = PBXBuildFile; fileRef = E3D463A61EA2806800D49AC1 /* ViewController.swift */; };
		E3D463AA1EA2806800D49AC1 /* Main.storyboard in Resources */ = {isa = PBXBuildFile; fileRef = E3D463A81EA2806800D49AC1 /* Main.storyboard */; };
		E3D463AC1EA2806800D49AC1 /* Assets.xcassets in Resources */ = {isa = PBXBuildFile; fileRef = E3D463AB1EA2806800D49AC1 /* Assets.xcassets */; };
		E3D463AF1EA2806800D49AC1 /* LaunchScreen.storyboard in Resources */ = {isa = PBXBuildFile; fileRef = E3D463AD1EA2806800D49AC1 /* LaunchScreen.storyboard */; };
		E3D463B91EA2A85E00D49AC1 /* KeychainOptions.swift in Sources */ = {isa = PBXBuildFile; fileRef = E3D463B71EA2A85E00D49AC1 /* KeychainOptions.swift */; };
		E3D463BA1EA2A85E00D49AC1 /* KeychainWrapper.swift in Sources */ = {isa = PBXBuildFile; fileRef = E3D463B81EA2A85E00D49AC1 /* KeychainWrapper.swift */; };
/* End PBXBuildFile section */

/* Begin PBXFileReference section */
		E3D463A11EA2806800D49AC1 /* SecretSwift.app */ = {isa = PBXFileReference; explicitFileType = wrapper.application; includeInIndex = 0; path = SecretSwift.app; sourceTree = BUILT_PRODUCTS_DIR; };
		E3D463A41EA2806800D49AC1 /* AppDelegate.swift */ = {isa = PBXFileReference; lastKnownFileType = sourcecode.swift; path = AppDelegate.swift; sourceTree = "<group>"; };
		E3D463A61EA2806800D49AC1 /* ViewController.swift */ = {isa = PBXFileReference; lastKnownFileType = sourcecode.swift; path = ViewController.swift; sourceTree = "<group>"; };
		E3D463A91EA2806800D49AC1 /* Base */ = {isa = PBXFileReference; lastKnownFileType = file.storyboard; name = Base; path = Base.lproj/Main.storyboard; sourceTree = "<group>"; };
		E3D463AB1EA2806800D49AC1 /* Assets.xcassets */ = {isa = PBXFileReference; lastKnownFileType = folder.assetcatalog; path = Assets.xcassets; sourceTree = "<group>"; };
		E3D463AE1EA2806800D49AC1 /* Base */ = {isa = PBXFileReference; lastKnownFileType = file.storyboard; name = Base; path = Base.lproj/LaunchScreen.storyboard; sourceTree = "<group>"; };
		E3D463B01EA2806800D49AC1 /* Info.plist */ = {isa = PBXFileReference; lastKnownFileType = text.plist.xml; path = Info.plist; sourceTree = "<group>"; };
		E3D463B71EA2A85E00D49AC1 /* KeychainOptions.swift */ = {isa = PBXFileReference; fileEncoding = 4; lastKnownFileType = sourcecode.swift; path = KeychainOptions.swift; sourceTree = "<group>"; };
		E3D463B81EA2A85E00D49AC1 /* KeychainWrapper.swift */ = {isa = PBXFileReference; fileEncoding = 4; lastKnownFileType = sourcecode.swift; path = KeychainWrapper.swift; sourceTree = "<group>"; };
/* End PBXFileReference section */

/* Begin PBXFrameworksBuildPhase section */
		E3D4639E1EA2806800D49AC1 /* Frameworks */ = {
			isa = PBXFrameworksBuildPhase;
			buildActionMask = 2147483647;
			files = (
			);
			runOnlyForDeploymentPostprocessing = 0;
		};
/* End PBXFrameworksBuildPhase section */

/* Begin PBXGroup section */
		E3D463981EA2806800D49AC1 = {
			isa = PBXGroup;
			children = (
				E3D463A31EA2806800D49AC1 /* SecretSwift */,
				E3D463A21EA2806800D49AC1 /* Products */,
			);
			sourceTree = "<group>";
		};
		E3D463A21EA2806800D49AC1 /* Products */ = {
			isa = PBXGroup;
			children = (
				E3D463A11EA2806800D49AC1 /* SecretSwift.app */,
			);
			name = Products;
			sourceTree = "<group>";
		};
		E3D463A31EA2806800D49AC1 /* SecretSwift */ = {
			isa = PBXGroup;
			children = (
				E3D463A61EA2806800D49AC1 /* ViewController.swift */,
				E3D463A81EA2806800D49AC1 /* Main.storyboard */,
				E3D463B71EA2A85E00D49AC1 /* KeychainOptions.swift */,
				E3D463B81EA2A85E00D49AC1 /* KeychainWrapper.swift */,
				E3D463B61EA2807200D49AC1 /* Supporting Files */,
			);
			path = SecretSwift;
			sourceTree = "<group>";
		};
		E3D463B61EA2807200D49AC1 /* Supporting Files */ = {
			isa = PBXGroup;
			children = (
				E3D463A41EA2806800D49AC1 /* AppDelegate.swift */,
				E3D463AB1EA2806800D49AC1 /* Assets.xcassets */,
				E3D463AD1EA2806800D49AC1 /* LaunchScreen.storyboard */,
				E3D463B01EA2806800D49AC1 /* Info.plist */,
			);
			name = "Supporting Files";
			sourceTree = "<group>";
		};
/* End PBXGroup section */

/* Begin PBXNativeTarget section */
		E3D463A01EA2806800D49AC1 /* SecretSwift */ = {
			isa = PBXNativeTarget;
			buildConfigurationList = E3D463B31EA2806800D49AC1 /* Build configuration list for PBXNativeTarget "SecretSwift" */;
			buildPhases = (
				E3D4639D1EA2806800D49AC1 /* Sources */,
				E3D4639E1EA2806800D49AC1 /* Frameworks */,
				E3D4639F1EA2806800D49AC1 /* Resources */,
			);
			buildRules = (
			);
			dependencies = (
			);
			name = SecretSwift;
			productName = SecretSwift;
			productReference = E3D463A11EA2806800D49AC1 /* SecretSwift.app */;
			productType = "com.apple.product-type.application";
		};
/* End PBXNativeTarget section */

/* Begin PBXProject section */
		E3D463991EA2806800D49AC1 /* Project object */ = {
			isa = PBXProject;
			attributes = {
				LastSwiftUpdateCheck = 0830;
				LastUpgradeCheck = 0830;
				ORGANIZATIONNAME = Mount;
				TargetAttributes = {
					E3D463A01EA2806800D49AC1 = {
						CreatedOnToolsVersion = 8.3.1;
						DevelopmentTeam = KN37XA3E49;
						ProvisioningStyle = Automatic;
					};
				};
			};
			buildConfigurationList = E3D4639C1EA2806800D49AC1 /* Build configuration list for PBXProject "SecretSwift" */;
			compatibilityVersion = "Xcode 3.2";
			developmentRegion = English;
			hasScannedForEncodings = 0;
			knownRegions = (
				en,
				Base,
			);
			mainGroup = E3D463981EA2806800D49AC1;
			productRefGroup = E3D463A21EA2806800D49AC1 /* Products */;
			projectDirPath = "";
			projectRoot = "";
			targets = (
				E3D463A01EA2806800D49AC1 /* SecretSwift */,
			);
		};
/* End PBXProject section */

/* Begin PBXResourcesBuildPhase section */
		E3D4639F1EA2806800D49AC1 /* Resources */ = {
			isa = PBXResourcesBuildPhase;
			buildActionMask = 2147483647;
			files = (
				E3D463AF1EA2806800D49AC1 /* LaunchScreen.storyboard in Resources */,
				E3D463AC1EA2806800D49AC1 /* Assets.xcassets in Resources */,
				E3D463AA1EA2806800D49AC1 /* Main.storyboard in Resources */,
			);
			runOnlyForDeploymentPostprocessing = 0;
		};
/* End PBXResourcesBuildPhase section */

/* Begin PBXSourcesBuildPhase section */
		E3D4639D1EA2806800D49AC1 /* Sources */ = {
			isa = PBXSourcesBuildPhase;
			buildActionMask = 2147483647;
			files = (
				E3D463A71EA2806800D49AC1 /* ViewController.swift in Sources */,
				E3D463BA1EA2A85E00D49AC1 /* KeychainWrapper.swift in Sources */,
				E3D463B91EA2A85E00D49AC1 /* KeychainOptions.swift in Sources */,
				E3D463A51EA2806800D49AC1 /* AppDelegate.swift in Sources */,
			);
			runOnlyForDeploymentPostprocessing = 0;
		};
/* End PBXSourcesBuildPhase section */

/* Begin PBXVariantGroup section */
		E3D463A81EA2806800D49AC1 /* Main.storyboard */ = {
			isa = PBXVariantGroup;
			children = (
				E3D463A91EA2806800D49AC1 /* Base */,
			);
			name = Main.storyboard;
			sourceTree = "<group>";
		};
		E3D463AD1EA2806800D49AC1 /* LaunchScreen.storyboard */ = {
			isa = PBXVariantGroup;
			children = (
				E3D463AE1EA2806800D49AC1 /* Base */,
			);
			name = LaunchScreen.storyboard;
			sourceTree = "<group>";
		};
/* End PBXVariantGroup section */

/* Begin XCBuildConfiguration section */
		E3D463B11EA2806800D49AC1 /* Debug */ = {
			isa = XCBuildConfiguration;
			buildSettings = {
				ALWAYS_SEARCH_USER_PATHS = NO;
				CLANG_ANALYZER_NONNULL = YES;
				CLANG_ANALYZER_NUMBER_OBJECT_CONVERSION = YES_AGGRESSIVE;
				CLANG_CXX_LANGUAGE_STANDARD = "gnu++0x";
				CLANG_CXX_LIBRARY = "libc++";
				CLANG_ENABLE_MODULES = YES;
				CLANG_ENABLE_OBJC_ARC = YES;
				CLANG_WARN_BOOL_CONVERSION = YES;
				CLANG_WARN_CONSTANT_CONVERSION = YES;
				CLANG_WARN_DIRECT_OBJC_ISA_USAGE = YES_ERROR;
				CLANG_WARN_DOCUMENTATION_COMMENTS = YES;
				CLANG_WARN_EMPTY_BODY = YES;
				CLANG_WARN_ENUM_CONVERSION = YES;
				CLANG_WARN_INFINITE_RECURSION = YES;
				CLANG_WARN_INT_CONVERSION = YES;
				CLANG_WARN_OBJC_ROOT_CLASS = YES_ERROR;
				CLANG_WARN_SUSPICIOUS_MOVE = YES;
				CLANG_WARN_UNREACHABLE_CODE = YES;
				CLANG_WARN__DUPLICATE_METHOD_MATCH = YES;
				"CODE_SIGN_IDENTITY[sdk=iphoneos*]" = "iPhone Developer";
				COPY_PHASE_STRIP = NO;
				DEBUG_INFORMATION_FORMAT = dwarf;
				ENABLE_STRICT_OBJC_MSGSEND = YES;
				ENABLE_TESTABILITY = YES;
				GCC_C_LANGUAGE_STANDARD = gnu99;
				GCC_DYNAMIC_NO_PIC = NO;
				GCC_NO_COMMON_BLOCKS = YES;
				GCC_OPTIMIZATION_LEVEL = 0;
				GCC_PREPROCESSOR_DEFINITIONS = (
					"DEBUG=1",
					"$(inherited)",
				);
				GCC_WARN_64_TO_32_BIT_CONVERSION = YES;
				GCC_WARN_ABOUT_RETURN_TYPE = YES_ERROR;
				GCC_WARN_UNDECLARED_SELECTOR = YES;
				GCC_WARN_UNINITIALIZED_AUTOS = YES_AGGRESSIVE;
				GCC_WARN_UNUSED_FUNCTION = YES;
				GCC_WARN_UNUSED_VARIABLE = YES;
				IPHONEOS_DEPLOYMENT_TARGET = 10.3;
				MTL_ENABLE_DEBUG_INFO = YES;
				ONLY_ACTIVE_ARCH = YES;
				SDKROOT = iphoneos;
				SWIFT_ACTIVE_COMPILATION_CONDITIONS = DEBUG;
				SWIFT_OPTIMIZATION_LEVEL = "-Onone";
			};
			name = Debug;
		};
		E3D463B21EA2806800D49AC1 /* Release */ = {
			isa = XCBuildConfiguration;
			buildSettings = {
				ALWAYS_SEARCH_USER_PATHS = NO;
				CLANG_ANALYZER_NONNULL = YES;
				CLANG_ANALYZER_NUMBER_OBJECT_CONVERSION = YES_AGGRESSIVE;
				CLANG_CXX_LANGUAGE_STANDARD = "gnu++0x";
				CLANG_CXX_LIBRARY = "libc++";
				CLANG_ENABLE_MODULES = YES;
				CLANG_ENABLE_OBJC_ARC = YES;
				CLANG_WARN_BOOL_CONVERSION = YES;
				CLANG_WARN_CONSTANT_CONVERSION = YES;
				CLANG_WARN_DIRECT_OBJC_ISA_USAGE = YES_ERROR;
				CLANG_WARN_DOCUMENTATION_COMMENTS = YES;
				CLANG_WARN_EMPTY_BODY = YES;
				CLANG_WARN_ENUM_CONVERSION = YES;
				CLANG_WARN_INFINITE_RECURSION = YES;
				CLANG_WARN_INT_CONVERSION = YES;
				CLANG_WARN_OBJC_ROOT_CLASS = YES_ERROR;
				CLANG_WARN_SUSPICIOUS_MOVE = YES;
				CLANG_WARN_UNREACHABLE_CODE = YES;
				CLANG_WARN__DUPLICATE_METHOD_MATCH = YES;
				"CODE_SIGN_IDENTITY[sdk=iphoneos*]" = "iPhone Developer";
				COPY_PHASE_STRIP = NO;
				DEBUG_INFORMATION_FORMAT = "dwarf-with-dsym";
				ENABLE_NS_ASSERTIONS = NO;
				ENABLE_STRICT_OBJC_MSGSEND = YES;
				GCC_C_LANGUAGE_STANDARD = gnu99;
				GCC_NO_COMMON_BLOCKS = YES;
				GCC_WARN_64_TO_32_BIT_CONVERSION = YES;
				GCC_WARN_ABOUT_RETURN_TYPE = YES_ERROR;
				GCC_WARN_UNDECLARED_SELECTOR = YES;
				GCC_WARN_UNINITIALIZED_AUTOS = YES_AGGRESSIVE;
				GCC_WARN_UNUSED_FUNCTION = YES;
				GCC_WARN_UNUSED_VARIABLE = YES;
				IPHONEOS_DEPLOYMENT_TARGET = 10.3;
				MTL_ENABLE_DEBUG_INFO = NO;
				SDKROOT = iphoneos;
				SWIFT_OPTIMIZATION_LEVEL = "-Owholemodule";
				VALIDATE_PRODUCT = YES;
			};
			name = Release;
		};
		E3D463B41EA2806800D49AC1 /* Debug */ = {
			isa = XCBuildConfiguration;
			buildSettings = {
				ASSETCATALOG_COMPILER_APPICON_NAME = AppIcon;
				DEVELOPMENT_TEAM = KN37XA3E49;
				INFOPLIST_FILE = SecretSwift/Info.plist;
				LD_RUNPATH_SEARCH_PATHS = "$(inherited) @executable_path/Frameworks";
				PRODUCT_BUNDLE_IDENTIFIER = com.mountapps.SecretSwift;
				PRODUCT_NAME = "$(TARGET_NAME)";
				SWIFT_VERSION = 3.0;
			};
			name = Debug;
		};
		E3D463B51EA2806800D49AC1 /* Release */ = {
			isa = XCBuildConfiguration;
			buildSettings = {
				ASSETCATALOG_COMPILER_APPICON_NAME = AppIcon;
				DEVELOPMENT_TEAM = KN37XA3E49;
				INFOPLIST_FILE = SecretSwift/Info.plist;
				LD_RUNPATH_SEARCH_PATHS = "$(inherited) @executable_path/Frameworks";
				PRODUCT_BUNDLE_IDENTIFIER = com.mountapps.SecretSwift;
				PRODUCT_NAME = "$(TARGET_NAME)";
				SWIFT_VERSION = 3.0;
			};
			name = Release;
		};
/* End XCBuildConfiguration section */

/* Begin XCConfigurationList section */
		E3D4639C1EA2806800D49AC1 /* Build configuration list for PBXProject "SecretSwift" */ = {
			isa = XCConfigurationList;
			buildConfigurations = (
				E3D463B11EA2806800D49AC1 /* Debug */,
				E3D463B21EA2806800D49AC1 /* Release */,
			);
			defaultConfigurationIsVisible = 0;
			defaultConfigurationName = Release;
		};
		E3D463B31EA2806800D49AC1 /* Build configuration list for PBXNativeTarget "SecretSwift" */ = {
			isa = XCConfigurationList;
			buildConfigurations = (
				E3D463B41EA2806800D49AC1 /* Debug */,
				E3D463B51EA2806800D49AC1 /* Release */,
			);
			defaultConfigurationIsVisible = 0;
		};
/* End XCConfigurationList section */
	};
	rootObject = E3D463991EA2806800D49AC1 /* Project object */;
}
